
Microsoft Visual Studio Solution File, Format Version 12.00
# Visual Studio Version 17
VisualStudioVersion = 17.0.31919.166
MinimumVisualStudioVersion = 10.0.40219.1
Project("{9A19103F-16F7-4668-BE54-9A1E7A4F7556}") = "HotelBookingAPI", "HotelBookingAPI\HotelBookingAPI.csproj", "{4399E61D-DE34-40A7-9A95-AE545B4B5E15}"
EndProject
Project("{9A19103F-16F7-4668-BE54-9A1E7A4F7556}") = "HotelBookingUnitTest", "BookingUnitTest\HotelBookingUnitTest.csproj", "{B6BBF373-ED29-41CF-AC5E-088DC140DD60}"
EndProject
Project("{E53339B2-1760-4266-BCC7-CA923CBCF16C}") = "docker-compose", "docker-compose.dcproj", "{3F6878DD-43FF-4013-B252-20424BD76687}"
EndProject
Global
	GlobalSection(SolutionConfigurationPlatforms) = preSolution
		Debug|Any CPU = Debug|Any CPU
		Release|Any CPU = Release|Any CPU
	EndGlobalSection
	GlobalSection(ProjectConfigurationPlatforms) = postSolution
		{4399E61D-DE34-40A7-9A95-AE545B4B5E15}.Debug|Any CPU.ActiveCfg = Debug|Any CPU
		{4399E61D-DE34-40A7-9A95-AE545B4B5E15}.Debug|Any CPU.Build.0 = Debug|Any CPU
		{4399E61D-DE34-40A7-9A95-AE545B4B5E15}.Release|Any CPU.ActiveCfg = Release|Any CPU
		{4399E61D-DE34-40A7-9A95-AE545B4B5E15}.Release|Any CPU.Build.0 = Release|Any CPU
		{B6BBF373-ED29-41CF-AC5E-088DC140DD60}.Debug|Any CPU.ActiveCfg = Debug|Any CPU
		{B6BBF373-ED29-41CF-AC5E-088DC140DD60}.Debug|Any CPU.Build.0 = Debug|Any CPU
		{B6BBF373-ED29-41CF-AC5E-088DC140DD60}.Release|Any CPU.ActiveCfg = Release|Any CPU
		{B6BBF373-ED29-41CF-AC5E-088DC140DD60}.Release|Any CPU.Build.0 = Release|Any CPU
		{3F6878DD-43FF-4013-B252-20424BD76687}.Debug|Any CPU.ActiveCfg = Debug|Any CPU
		{3F6878DD-43FF-4013-B252-20424BD76687}.Debug|Any CPU.Build.0 = Debug|Any CPU
		{3F6878DD-43FF-4013-B252-20424BD76687}.Release|Any CPU.ActiveCfg = Release|Any CPU
		{3F6878DD-43FF-4013-B252-20424BD76687}.Release|Any CPU.Build.0 = Release|Any CPU
	EndGlobalSection
	GlobalSection(SolutionProperties) = preSolution
		HideSolutionNode = FALSE
	EndGlobalSection
	GlobalSection(ExtensibilityGlobals) = postSolution
		SolutionGuid = {BC69AD08-637B-42D7-A4BB-D73AB8AC58B2}
	EndGlobalSection
EndGlobal
